
Microsoft Visual Studio Solution File, Format Version 12.00
# Visual Studio Version 17
VisualStudioVersion = 17.5.33502.453
MinimumVisualStudioVersion = 10.0.40219.1
Project("{FAE04EC0-301F-11D3-BF4B-00C04F79EFBC}") = "CursoMOD129", "CursoMOD129\CursoMOD129.csproj", "{A729938D-72BF-4277-BEC7-51C73F22F65F}"
EndProject
Global
	GlobalSection(SolutionConfigurationPlatforms) = preSolution
		Debug|Any CPU = Debug|Any CPU
		Release|Any CPU = Release|Any CPU
	EndGlobalSection
	GlobalSection(ProjectConfigurationPlatforms) = postSolution
		{A729938D-72BF-4277-BEC7-51C73F22F65F}.Debug|Any CPU.ActiveCfg = Debug|Any CPU
		{A729938D-72BF-4277-BEC7-51C73F22F65F}.Debug|Any CPU.Build.0 = Debug|Any CPU
		{A729938D-72BF-4277-BEC7-51C73F22F65F}.Release|Any CPU.ActiveCfg = Release|Any CPU
		{A729938D-72BF-4277-BEC7-51C73F22F65F}.Release|Any CPU.Build.0 = Release|Any CPU
	EndGlobalSection
	GlobalSection(SolutionProperties) = preSolution
		HideSolutionNode = FALSE
	EndGlobalSection
	GlobalSection(ExtensibilityGlobals) = postSolution
		SolutionGuid = {FB7B0511-B627-4305-BFE8-59137CFE3A0D}
	EndGlobalSection
EndGlobal
